PODS:
  - boost-for-react-native (1.63.0)
  - DoubleConversion (1.1.6)
  - FBLazyVector (0.62.5)
  - FBReactNativeSpec (0.62.5):
    - RCT-Folly (= 2018.10.22.00)
    - RCTRequired (= 0.62.5)
    - RCTTypeSafety (= 0.62.5)
    - React-Core (= 0.62.5)
    - React-jsi (= 0.62.5)
    - ReactCommon/turbomodule/core (= 0.62.5)
  - glog (0.3.5)
  - RCT-Folly (2018.10.22.00):
    - boost-for-react-native
    - DoubleConversion
    - glog
    - RCT-Folly/Default (= 2018.10.22.00)
  - RCT-Folly/Default (2018.10.22.00):
    - boost-for-react-native
    - DoubleConversion
    - glog
  - RCTRequired (0.62.5)
  - RCTTypeSafety (0.62.5):
    - FBLazyVector (= 0.62.5)
    - RCT-Folly (= 2018.10.22.00)
    - RCTRequired (= 0.62.5)
    - React-Core (= 0.62.5)
  - React (0.62.5):
    - React-Core (= 0.62.5)
    - React-Core/DevSupport (= 0.62.5)
    - React-Core/RCTWebSocket (= 0.62.5)
    - React-RCTActionSheet (= 0.62.5)
    - React-RCTAnimation (= 0.62.5)
    - React-RCTBlob (= 0.62.5)
    - React-RCTImage (= 0.62.5)
    - React-RCTLinking (= 0.62.5)
    - React-RCTNetwork (= 0.62.5)
    - React-RCTSettings (= 0.62.5)
    - React-RCTText (= 0.62.5)
    - React-RCTVibration (= 0.62.5)
  - React-Core (0.62.5):
    - glog
    - RCT-Folly (= 2018.10.22.00)
    - React-Core/Default (= 0.62.5)
    - React-cxxreact (= 0.62.5)
    - React-jsi (= 0.62.5)
    - React-jsiexecutor (= 0.62.5)
    - Yoga
  - React-Core/CoreModulesHeaders (0.62.5):
    - glog
    - RCT-Folly (= 2018.10.22.00)
    - React-Core/Default
    - React-cxxreact (= 0.62.5)
    - React-jsi (= 0.62.5)
    - React-jsiexecutor (= 0.62.5)
    - Yoga
  - React-Core/Default (0.62.5):
    - glog
    - RCT-Folly (= 2018.10.22.00)
    - React-cxxreact (= 0.62.5)
    - React-jsi (= 0.62.5)
    - React-jsiexecutor (= 0.62.5)
    - Yoga
  - React-Core/DevSupport (0.62.5):
    - glog
    - RCT-Folly (= 2018.10.22.00)
    - React-Core/Default (= 0.62.5)
    - React-Core/RCTWebSocket (= 0.62.5)
    - React-cxxreact (= 0.62.5)
    - React-jsi (= 0.62.5)
    - React-jsiexecutor (= 0.62.5)
    - React-jsinspector (= 0.62.5)
    - Yoga
  - React-Core/RCTActionSheetHeaders (0.62.5):
    - glog
    - RCT-Folly (= 2018.10.22.00)
    - React-Core/Default
    - React-cxxreact (= 0.62.5)
    - React-jsi (= 0.62.5)
    - React-jsiexecutor (= 0.62.5)
    - Yoga
  - React-Core/RCTAnimationHeaders (0.62.5):
    - glog
    - RCT-Folly (= 2018.10.22.00)
    - React-Core/Default
    - React-cxxreact (= 0.62.5)
    - React-jsi (= 0.62.5)
    - React-jsiexecutor (= 0.62.5)
    - Yoga
  - React-Core/RCTBlobHeaders (0.62.5):
    - glog
    - RCT-Folly (= 2018.10.22.00)
    - React-Core/Default
    - React-cxxreact (= 0.62.5)
    - React-jsi (= 0.62.5)
    - React-jsiexecutor (= 0.62.5)
    - Yoga
  - React-Core/RCTImageHeaders (0.62.5):
    - glog
    - RCT-Folly (= 2018.10.22.00)
    - React-Core/Default
    - React-cxxreact (= 0.62.5)
    - React-jsi (= 0.62.5)
    - React-jsiexecutor (= 0.62.5)
    - Yoga
  - React-Core/RCTLinkingHeaders (0.62.5):
    - glog
    - RCT-Folly (= 2018.10.22.00)
    - React-Core/Default
    - React-cxxreact (= 0.62.5)
    - React-jsi (= 0.62.5)
    - React-jsiexecutor (= 0.62.5)
    - Yoga
  - React-Core/RCTNetworkHeaders (0.62.5):
    - glog
    - RCT-Folly (= 2018.10.22.00)
    - React-Core/Default
    - React-cxxreact (= 0.62.5)
    - React-jsi (= 0.62.5)
    - React-jsiexecutor (= 0.62.5)
    - Yoga
  - React-Core/RCTSettingsHeaders (0.62.5):
    - glog
    - RCT-Folly (= 2018.10.22.00)
    - React-Core/Default
    - React-cxxreact (= 0.62.5)
    - React-jsi (= 0.62.5)
    - React-jsiexecutor (= 0.62.5)
    - Yoga
  - React-Core/RCTTextHeaders (0.62.5):
    - glog
    - RCT-Folly (= 2018.10.22.00)
    - React-Core/Default
    - React-cxxreact (= 0.62.5)
    - React-jsi (= 0.62.5)
    - React-jsiexecutor (= 0.62.5)
    - Yoga
  - React-Core/RCTVibrationHeaders (0.62.5):
    - glog
    - RCT-Folly (= 2018.10.22.00)
    - React-Core/Default
    - React-cxxreact (= 0.62.5)
    - React-jsi (= 0.62.5)
    - React-jsiexecutor (= 0.62.5)
    - Yoga
  - React-Core/RCTWebSocket (0.62.5):
    - glog
    - RCT-Folly (= 2018.10.22.00)
    - React-Core/Default (= 0.62.5)
    - React-cxxreact (= 0.62.5)
    - React-jsi (= 0.62.5)
    - React-jsiexecutor (= 0.62.5)
    - Yoga
  - React-CoreModules (0.62.5):
    - FBReactNativeSpec (= 0.62.5)
    - RCT-Folly (= 2018.10.22.00)
    - RCTTypeSafety (= 0.62.5)
    - React-Core/CoreModulesHeaders (= 0.62.5)
    - React-RCTImage (= 0.62.5)
    - ReactCommon/turbomodule/core (= 0.62.5)
  - React-cxxreact (0.62.5):
    - boost-for-react-native (= 1.63.0)
    - DoubleConversion
    - glog
    - RCT-Folly (= 2018.10.22.00)
    - React-jsinspector (= 0.62.5)
  - React-jsi (0.62.5):
    - boost-for-react-native (= 1.63.0)
    - DoubleConversion
    - glog
    - RCT-Folly (= 2018.10.22.00)
    - React-jsi/Default (= 0.62.5)
  - React-jsi/Default (0.62.5):
    - boost-for-react-native (= 1.63.0)
    - DoubleConversion
    - glog
    - RCT-Folly (= 2018.10.22.00)
  - React-jsiexecutor (0.62.5):
    - DoubleConversion
    - glog
    - RCT-Folly (= 2018.10.22.00)
    - React-cxxreact (= 0.62.5)
    - React-jsi (= 0.62.5)
  - React-jsinspector (0.62.5)
  - React-RCTActionSheet (0.62.5):
    - React-Core/RCTActionSheetHeaders (= 0.62.5)
  - React-RCTAnimation (0.62.5):
    - FBReactNativeSpec (= 0.62.5)
    - RCT-Folly (= 2018.10.22.00)
    - RCTTypeSafety (= 0.62.5)
    - React-Core/RCTAnimationHeaders (= 0.62.5)
    - ReactCommon/turbomodule/core (= 0.62.5)
  - React-RCTBlob (0.62.5):
    - FBReactNativeSpec (= 0.62.5)
    - RCT-Folly (= 2018.10.22.00)
    - React-Core/RCTBlobHeaders (= 0.62.5)
    - React-Core/RCTWebSocket (= 0.62.5)
    - React-jsi (= 0.62.5)
    - React-RCTNetwork (= 0.62.5)
    - ReactCommon/turbomodule/core (= 0.62.5)
  - React-RCTImage (0.62.5):
    - FBReactNativeSpec (= 0.62.5)
    - RCT-Folly (= 2018.10.22.00)
    - RCTTypeSafety (= 0.62.5)
    - React-Core/RCTImageHeaders (= 0.62.5)
    - React-RCTNetwork (= 0.62.5)
    - ReactCommon/turbomodule/core (= 0.62.5)
  - React-RCTLinking (0.62.5):
    - FBReactNativeSpec (= 0.62.5)
    - React-Core/RCTLinkingHeaders (= 0.62.5)
    - ReactCommon/turbomodule/core (= 0.62.5)
  - React-RCTNetwork (0.62.5):
    - FBReactNativeSpec (= 0.62.5)
    - RCT-Folly (= 2018.10.22.00)
    - RCTTypeSafety (= 0.62.5)
    - React-Core/RCTNetworkHeaders (= 0.62.5)
    - ReactCommon/turbomodule/core (= 0.62.5)
  - React-RCTSettings (0.62.5):
    - FBReactNativeSpec (= 0.62.5)
    - RCT-Folly (= 2018.10.22.00)
    - RCTTypeSafety (= 0.62.5)
    - React-Core/RCTSettingsHeaders (= 0.62.5)
    - ReactCommon/turbomodule/core (= 0.62.5)
  - React-RCTText (0.62.5):
    - React-Core/RCTTextHeaders (= 0.62.5)
  - React-RCTVibration (0.62.5):
    - FBReactNativeSpec (= 0.62.5)
    - RCT-Folly (= 2018.10.22.00)
    - React-Core/RCTVibrationHeaders (= 0.62.5)
    - ReactCommon/turbomodule/core (= 0.62.5)
  - ReactCommon/callinvoker (0.62.5):
    - DoubleConversion
    - glog
    - RCT-Folly (= 2018.10.22.00)
    - React-cxxreact (= 0.62.5)
  - ReactCommon/turbomodule/core (0.62.5):
    - DoubleConversion
    - glog
    - RCT-Folly (= 2018.10.22.00)
    - React-Core (= 0.62.5)
    - React-cxxreact (= 0.62.5)
    - React-jsi (= 0.62.5)
    - ReactCommon/callinvoker (= 0.62.5)
  - rn-macos-popover (0.0.6):
    - React
  - RNCAsyncStorage (1.11.0):
    - React
  - Yoga (1.14.0)

DEPENDENCIES:
  - boost-for-react-native (from `../node_modules/react-native-macos/third-party-podspecs/boost-for-react-native.podspec`)
  - DoubleConversion (from `../node_modules/react-native-macos/third-party-podspecs/DoubleConversion.podspec`)
  - FBLazyVector (from `../node_modules/react-native-macos/Libraries/FBLazyVector`)
  - FBReactNativeSpec (from `../node_modules/react-native-macos/Libraries/FBReactNativeSpec`)
  - glog (from `../node_modules/react-native-macos/third-party-podspecs/glog.podspec`)
  - RCT-Folly (from `../node_modules/react-native-macos/third-party-podspecs/RCT-Folly.podspec`)
  - RCTRequired (from `../node_modules/react-native-macos/Libraries/RCTRequired`)
  - RCTTypeSafety (from `../node_modules/react-native-macos/Libraries/TypeSafety`)
  - React (from `../node_modules/react-native-macos/`)
  - React-Core (from `../node_modules/react-native-macos/`)
  - React-Core/DevSupport (from `../node_modules/react-native-macos/`)
  - React-Core/RCTWebSocket (from `../node_modules/react-native-macos/`)
  - React-CoreModules (from `../node_modules/react-native-macos/React/CoreModules`)
  - React-cxxreact (from `../node_modules/react-native-macos/ReactCommon/cxxreact`)
  - React-jsi (from `../node_modules/react-native-macos/ReactCommon/jsi`)
  - React-jsiexecutor (from `../node_modules/react-native-macos/ReactCommon/jsiexecutor`)
  - React-jsinspector (from `../node_modules/react-native-macos/ReactCommon/jsinspector`)
  - React-RCTActionSheet (from `../node_modules/react-native-macos/Libraries/ActionSheetIOS`)
  - React-RCTAnimation (from `../node_modules/react-native-macos/Libraries/NativeAnimation`)
  - React-RCTBlob (from `../node_modules/react-native-macos/Libraries/Blob`)
  - React-RCTImage (from `../node_modules/react-native-macos/Libraries/Image`)
  - React-RCTLinking (from `../node_modules/react-native-macos/Libraries/LinkingIOS`)
  - React-RCTNetwork (from `../node_modules/react-native-macos/Libraries/Network`)
  - React-RCTSettings (from `../node_modules/react-native-macos/Libraries/Settings`)
  - React-RCTText (from `../node_modules/react-native-macos/Libraries/Text`)
  - React-RCTVibration (from `../node_modules/react-native-macos/Libraries/Vibration`)
  - ReactCommon/callinvoker (from `../node_modules/react-native-macos/ReactCommon`)
  - ReactCommon/turbomodule/core (from `../node_modules/react-native-macos/ReactCommon`)
  - "rn-macos-popover (from `../node_modules/@rn-macos/popover`)"
  - "RNCAsyncStorage (from `../node_modules/@react-native-community/async-storage`)"
  - Yoga (from `../node_modules/react-native-macos/ReactCommon/yoga`)

EXTERNAL SOURCES:
  boost-for-react-native:
    :podspec: "../node_modules/react-native-macos/third-party-podspecs/boost-for-react-native.podspec"
  DoubleConversion:
    :podspec: "../node_modules/react-native-macos/third-party-podspecs/DoubleConversion.podspec"
  FBLazyVector:
    :path: "../node_modules/react-native-macos/Libraries/FBLazyVector"
  FBReactNativeSpec:
    :path: "../node_modules/react-native-macos/Libraries/FBReactNativeSpec"
  glog:
    :podspec: "../node_modules/react-native-macos/third-party-podspecs/glog.podspec"
  RCT-Folly:
    :podspec: "../node_modules/react-native-macos/third-party-podspecs/RCT-Folly.podspec"
  RCTRequired:
    :path: "../node_modules/react-native-macos/Libraries/RCTRequired"
  RCTTypeSafety:
    :path: "../node_modules/react-native-macos/Libraries/TypeSafety"
  React:
    :path: "../node_modules/react-native-macos/"
  React-Core:
    :path: "../node_modules/react-native-macos/"
  React-CoreModules:
    :path: "../node_modules/react-native-macos/React/CoreModules"
  React-cxxreact:
    :path: "../node_modules/react-native-macos/ReactCommon/cxxreact"
  React-jsi:
    :path: "../node_modules/react-native-macos/ReactCommon/jsi"
  React-jsiexecutor:
    :path: "../node_modules/react-native-macos/ReactCommon/jsiexecutor"
  React-jsinspector:
    :path: "../node_modules/react-native-macos/ReactCommon/jsinspector"
  React-RCTActionSheet:
    :path: "../node_modules/react-native-macos/Libraries/ActionSheetIOS"
  React-RCTAnimation:
    :path: "../node_modules/react-native-macos/Libraries/NativeAnimation"
  React-RCTBlob:
    :path: "../node_modules/react-native-macos/Libraries/Blob"
  React-RCTImage:
    :path: "../node_modules/react-native-macos/Libraries/Image"
  React-RCTLinking:
    :path: "../node_modules/react-native-macos/Libraries/LinkingIOS"
  React-RCTNetwork:
    :path: "../node_modules/react-native-macos/Libraries/Network"
  React-RCTSettings:
    :path: "../node_modules/react-native-macos/Libraries/Settings"
  React-RCTText:
    :path: "../node_modules/react-native-macos/Libraries/Text"
  React-RCTVibration:
    :path: "../node_modules/react-native-macos/Libraries/Vibration"
  ReactCommon:
    :path: "../node_modules/react-native-macos/ReactCommon"
  rn-macos-popover:
    :path: "../node_modules/@rn-macos/popover"
  RNCAsyncStorage:
    :path: "../node_modules/@react-native-community/async-storage"
  Yoga:
    :path: "../node_modules/react-native-macos/ReactCommon/yoga"

SPEC CHECKSUMS:
  boost-for-react-native: a110407d9db2642fd2e1bcd7c5a51c81f2521dc9
  DoubleConversion: a1bc12a74baa397a2609e0f10e19b8062d864053
  FBLazyVector: a6b7c961268a2a6829a43d9be75485ac4edc87c0
  FBReactNativeSpec: a5704668b117447fd63be10c1d4a9553b03ad4fd
  glog: b3f6d74f3e2d33396addc0ee724d2b2b79fc3e00
  RCT-Folly: 73721d08b1a712fffa7afbfb96f1d43453d76075
  RCTRequired: 880cd668d5881511105c0d3cfc22ca3b7ce1bdeb
  RCTTypeSafety: 91a18b54182b00d0083f254e5f555aae99522940
  React: 0c2b8a973bd8f105e41a1b7a02bd82ab507c1dc7
  React-Core: 98931911b005cb915d298c6d5df5639c6c09c324
  React-CoreModules: 19b6de102c47a6cfacdd2d19fc9c5287aaddfb79
  React-cxxreact: 2195a5710f7263cde09a9cf7ddf75b72af7b4610
  React-jsi: d23639e62430363813f066b02af798d613802a23
  React-jsiexecutor: b7b898797a99593e63188095dcacb5537b4c859e
  React-jsinspector: 50c9f71d27ab720eda3ad192d0b5f3bfe0037b86
  React-RCTActionSheet: 96c5b0c25b4d00021444035313789d45ff54b8b6
  React-RCTAnimation: a54fa1570b6d8041707ac55fab445fd47ec15aa9
  React-RCTBlob: dc7809cccaf29d63c02265592328b97c5acb0864
  React-RCTImage: 9994667e2eccebfe7172713ce5d3bdce7fbe8441
  React-RCTLinking: 2be9233285e78753cddc88d6f3a853f68b74a6ce
  React-RCTNetwork: f811d7ae41be0d8368544a0bfa7e39dbb6bd4cfa
  React-RCTSettings: 4d5a3292907021199133b62252b3e94222021bbd
  React-RCTText: 5878fa0661c426926639e8b318fd668c56335531
  React-RCTVibration: 67ca2642532257af65807b22b14d2e3e9a50b105
  ReactCommon: f6a3d0bd6dcc0e648dcf3ef89d284cb730082278
  rn-macos-popover: 7bfb5570a7c1cc30ed73958e9041828254d54db2
  RNCAsyncStorage: d059c3ee71738c39834a627476322a5a8cd5bf36
  Yoga: 51362ef52658128d3e2a06b6e75ada6eeeab64df

PODFILE CHECKSUM: 0c9cc16eb9a2d9183384a542e59a7906d304d996

COCOAPODS: 1.9.1
