PODS:
  - boost-for-react-native (1.63.0)
  - DoubleConversion (1.1.6)
  - FBLazyVector (0.62.0-prerelease.8)
  - FBReactNativeSpec (0.62.0-prerelease.8):
    - RCT-Folly (= 2018.10.22.00)
    - RCTRequired (= 0.62.0-prerelease.8)
    - RCTTypeSafety (= 0.62.0-prerelease.8)
    - React-Core (= 0.62.0-prerelease.8)
    - React-jsi (= 0.62.0-prerelease.8)
    - ReactCommon/turbomodule/core (= 0.62.0-prerelease.8)
  - glog (0.3.5)
  - RCT-Folly (2018.10.22.00):
    - boost-for-react-native
    - DoubleConversion
    - glog
    - RCT-Folly/Default (= 2018.10.22.00)
  - RCT-Folly/Default (2018.10.22.00):
    - boost-for-react-native
    - DoubleConversion
    - glog
  - RCTRequired (0.62.0-prerelease.8)
  - RCTTypeSafety (0.62.0-prerelease.8):
    - FBLazyVector (= 0.62.0-prerelease.8)
    - RCT-Folly (= 2018.10.22.00)
    - RCTRequired (= 0.62.0-prerelease.8)
    - React-Core (= 0.62.0-prerelease.8)
  - React (0.62.0-prerelease.8):
    - React-Core (= 0.62.0-prerelease.8)
    - React-Core/DevSupport (= 0.62.0-prerelease.8)
    - React-Core/RCTWebSocket (= 0.62.0-prerelease.8)
    - React-RCTActionSheet (= 0.62.0-prerelease.8)
    - React-RCTAnimation (= 0.62.0-prerelease.8)
    - React-RCTBlob (= 0.62.0-prerelease.8)
    - React-RCTImage (= 0.62.0-prerelease.8)
    - React-RCTLinking (= 0.62.0-prerelease.8)
    - React-RCTNetwork (= 0.62.0-prerelease.8)
    - React-RCTSettings (= 0.62.0-prerelease.8)
    - React-RCTText (= 0.62.0-prerelease.8)
    - React-RCTVibration (= 0.62.0-prerelease.8)
  - React-Core (0.62.0-prerelease.8):
    - glog
    - RCT-Folly (= 2018.10.22.00)
    - React-Core/Default (= 0.62.0-prerelease.8)
    - React-cxxreact (= 0.62.0-prerelease.8)
    - React-jsi (= 0.62.0-prerelease.8)
    - React-jsiexecutor (= 0.62.0-prerelease.8)
    - Yoga
  - React-Core/CoreModulesHeaders (0.62.0-prerelease.8):
    - glog
    - RCT-Folly (= 2018.10.22.00)
    - React-Core/Default
    - React-cxxreact (= 0.62.0-prerelease.8)
    - React-jsi (= 0.62.0-prerelease.8)
    - React-jsiexecutor (= 0.62.0-prerelease.8)
    - Yoga
  - React-Core/Default (0.62.0-prerelease.8):
    - glog
    - RCT-Folly (= 2018.10.22.00)
    - React-cxxreact (= 0.62.0-prerelease.8)
    - React-jsi (= 0.62.0-prerelease.8)
    - React-jsiexecutor (= 0.62.0-prerelease.8)
    - Yoga
  - React-Core/DevSupport (0.62.0-prerelease.8):
    - glog
    - RCT-Folly (= 2018.10.22.00)
    - React-Core/Default (= 0.62.0-prerelease.8)
    - React-Core/RCTWebSocket (= 0.62.0-prerelease.8)
    - React-cxxreact (= 0.62.0-prerelease.8)
    - React-jsi (= 0.62.0-prerelease.8)
    - React-jsiexecutor (= 0.62.0-prerelease.8)
    - React-jsinspector (= 0.62.0-prerelease.8)
    - Yoga
  - React-Core/RCTActionSheetHeaders (0.62.0-prerelease.8):
    - glog
    - RCT-Folly (= 2018.10.22.00)
    - React-Core/Default
    - React-cxxreact (= 0.62.0-prerelease.8)
    - React-jsi (= 0.62.0-prerelease.8)
    - React-jsiexecutor (= 0.62.0-prerelease.8)
    - Yoga
  - React-Core/RCTAnimationHeaders (0.62.0-prerelease.8):
    - glog
    - RCT-Folly (= 2018.10.22.00)
    - React-Core/Default
    - React-cxxreact (= 0.62.0-prerelease.8)
    - React-jsi (= 0.62.0-prerelease.8)
    - React-jsiexecutor (= 0.62.0-prerelease.8)
    - Yoga
  - React-Core/RCTBlobHeaders (0.62.0-prerelease.8):
    - glog
    - RCT-Folly (= 2018.10.22.00)
    - React-Core/Default
    - React-cxxreact (= 0.62.0-prerelease.8)
    - React-jsi (= 0.62.0-prerelease.8)
    - React-jsiexecutor (= 0.62.0-prerelease.8)
    - Yoga
  - React-Core/RCTImageHeaders (0.62.0-prerelease.8):
    - glog
    - RCT-Folly (= 2018.10.22.00)
    - React-Core/Default
    - React-cxxreact (= 0.62.0-prerelease.8)
    - React-jsi (= 0.62.0-prerelease.8)
    - React-jsiexecutor (= 0.62.0-prerelease.8)
    - Yoga
  - React-Core/RCTLinkingHeaders (0.62.0-prerelease.8):
    - glog
    - RCT-Folly (= 2018.10.22.00)
    - React-Core/Default
    - React-cxxreact (= 0.62.0-prerelease.8)
    - React-jsi (= 0.62.0-prerelease.8)
    - React-jsiexecutor (= 0.62.0-prerelease.8)
    - Yoga
  - React-Core/RCTNetworkHeaders (0.62.0-prerelease.8):
    - glog
    - RCT-Folly (= 2018.10.22.00)
    - React-Core/Default
    - React-cxxreact (= 0.62.0-prerelease.8)
    - React-jsi (= 0.62.0-prerelease.8)
    - React-jsiexecutor (= 0.62.0-prerelease.8)
    - Yoga
  - React-Core/RCTSettingsHeaders (0.62.0-prerelease.8):
    - glog
    - RCT-Folly (= 2018.10.22.00)
    - React-Core/Default
    - React-cxxreact (= 0.62.0-prerelease.8)
    - React-jsi (= 0.62.0-prerelease.8)
    - React-jsiexecutor (= 0.62.0-prerelease.8)
    - Yoga
  - React-Core/RCTTextHeaders (0.62.0-prerelease.8):
    - glog
    - RCT-Folly (= 2018.10.22.00)
    - React-Core/Default
    - React-cxxreact (= 0.62.0-prerelease.8)
    - React-jsi (= 0.62.0-prerelease.8)
    - React-jsiexecutor (= 0.62.0-prerelease.8)
    - Yoga
  - React-Core/RCTVibrationHeaders (0.62.0-prerelease.8):
    - glog
    - RCT-Folly (= 2018.10.22.00)
    - React-Core/Default
    - React-cxxreact (= 0.62.0-prerelease.8)
    - React-jsi (= 0.62.0-prerelease.8)
    - React-jsiexecutor (= 0.62.0-prerelease.8)
    - Yoga
  - React-Core/RCTWebSocket (0.62.0-prerelease.8):
    - glog
    - RCT-Folly (= 2018.10.22.00)
    - React-Core/Default (= 0.62.0-prerelease.8)
    - React-cxxreact (= 0.62.0-prerelease.8)
    - React-jsi (= 0.62.0-prerelease.8)
    - React-jsiexecutor (= 0.62.0-prerelease.8)
    - Yoga
  - React-CoreModules (0.62.0-prerelease.8):
    - FBReactNativeSpec (= 0.62.0-prerelease.8)
    - RCT-Folly (= 2018.10.22.00)
    - RCTTypeSafety (= 0.62.0-prerelease.8)
    - React-Core/CoreModulesHeaders (= 0.62.0-prerelease.8)
    - React-RCTImage (= 0.62.0-prerelease.8)
    - ReactCommon/turbomodule/core (= 0.62.0-prerelease.8)
  - React-cxxreact (0.62.0-prerelease.8):
    - boost-for-react-native (= 1.63.0)
    - DoubleConversion
    - glog
    - RCT-Folly (= 2018.10.22.00)
    - React-jsinspector (= 0.62.0-prerelease.8)
  - React-jsi (0.62.0-prerelease.8):
    - boost-for-react-native (= 1.63.0)
    - DoubleConversion
    - glog
    - RCT-Folly (= 2018.10.22.00)
    - React-jsi/Default (= 0.62.0-prerelease.8)
  - React-jsi/Default (0.62.0-prerelease.8):
    - boost-for-react-native (= 1.63.0)
    - DoubleConversion
    - glog
    - RCT-Folly (= 2018.10.22.00)
  - React-jsiexecutor (0.62.0-prerelease.8):
    - DoubleConversion
    - glog
    - RCT-Folly (= 2018.10.22.00)
    - React-cxxreact (= 0.62.0-prerelease.8)
    - React-jsi (= 0.62.0-prerelease.8)
  - React-jsinspector (0.62.0-prerelease.8)
  - React-RCTActionSheet (0.62.0-prerelease.8):
    - React-Core/RCTActionSheetHeaders (= 0.62.0-prerelease.8)
  - React-RCTAnimation (0.62.0-prerelease.8):
    - FBReactNativeSpec (= 0.62.0-prerelease.8)
    - RCT-Folly (= 2018.10.22.00)
    - RCTTypeSafety (= 0.62.0-prerelease.8)
    - React-Core/RCTAnimationHeaders (= 0.62.0-prerelease.8)
    - ReactCommon/turbomodule/core (= 0.62.0-prerelease.8)
  - React-RCTBlob (0.62.0-prerelease.8):
    - FBReactNativeSpec (= 0.62.0-prerelease.8)
    - RCT-Folly (= 2018.10.22.00)
    - React-Core/RCTBlobHeaders (= 0.62.0-prerelease.8)
    - React-Core/RCTWebSocket (= 0.62.0-prerelease.8)
    - React-jsi (= 0.62.0-prerelease.8)
    - React-RCTNetwork (= 0.62.0-prerelease.8)
    - ReactCommon/turbomodule/core (= 0.62.0-prerelease.8)
  - React-RCTImage (0.62.0-prerelease.8):
    - FBReactNativeSpec (= 0.62.0-prerelease.8)
    - RCT-Folly (= 2018.10.22.00)
    - RCTTypeSafety (= 0.62.0-prerelease.8)
    - React-Core/RCTImageHeaders (= 0.62.0-prerelease.8)
    - React-RCTNetwork (= 0.62.0-prerelease.8)
    - ReactCommon/turbomodule/core (= 0.62.0-prerelease.8)
  - React-RCTLinking (0.62.0-prerelease.8):
    - FBReactNativeSpec (= 0.62.0-prerelease.8)
    - React-Core/RCTLinkingHeaders (= 0.62.0-prerelease.8)
    - ReactCommon/turbomodule/core (= 0.62.0-prerelease.8)
  - React-RCTNetwork (0.62.0-prerelease.8):
    - FBReactNativeSpec (= 0.62.0-prerelease.8)
    - RCT-Folly (= 2018.10.22.00)
    - RCTTypeSafety (= 0.62.0-prerelease.8)
    - React-Core/RCTNetworkHeaders (= 0.62.0-prerelease.8)
    - ReactCommon/turbomodule/core (= 0.62.0-prerelease.8)
  - React-RCTSettings (0.62.0-prerelease.8):
    - FBReactNativeSpec (= 0.62.0-prerelease.8)
    - RCT-Folly (= 2018.10.22.00)
    - RCTTypeSafety (= 0.62.0-prerelease.8)
    - React-Core/RCTSettingsHeaders (= 0.62.0-prerelease.8)
    - ReactCommon/turbomodule/core (= 0.62.0-prerelease.8)
  - React-RCTText (0.62.0-prerelease.8):
    - React-Core/RCTTextHeaders (= 0.62.0-prerelease.8)
  - React-RCTVibration (0.62.0-prerelease.8):
    - FBReactNativeSpec (= 0.62.0-prerelease.8)
    - RCT-Folly (= 2018.10.22.00)
    - React-Core/RCTVibrationHeaders (= 0.62.0-prerelease.8)
    - ReactCommon/turbomodule/core (= 0.62.0-prerelease.8)
  - ReactCommon/callinvoker (0.62.0-prerelease.8):
    - DoubleConversion
    - glog
    - RCT-Folly (= 2018.10.22.00)
    - React-cxxreact (= 0.62.0-prerelease.8)
  - ReactCommon/turbomodule/core (0.62.0-prerelease.8):
    - DoubleConversion
    - glog
    - RCT-Folly (= 2018.10.22.00)
    - React-Core (= 0.62.0-prerelease.8)
    - React-cxxreact (= 0.62.0-prerelease.8)
    - React-jsi (= 0.62.0-prerelease.8)
    - ReactCommon/callinvoker (= 0.62.0-prerelease.8)
  - rn-macos-popover (0.0.6):
    - React
  - RNCAsyncStorage (1.11.0):
    - React
  - Yoga (1.14.0)

DEPENDENCIES:
  - boost-for-react-native (from `../node_modules/react-native-macos/third-party-podspecs/boost-for-react-native.podspec`)
  - DoubleConversion (from `../node_modules/react-native-macos/third-party-podspecs/DoubleConversion.podspec`)
  - FBLazyVector (from `../node_modules/react-native-macos/Libraries/FBLazyVector`)
  - FBReactNativeSpec (from `../node_modules/react-native-macos/Libraries/FBReactNativeSpec`)
  - glog (from `../node_modules/react-native-macos/third-party-podspecs/glog.podspec`)
  - RCT-Folly (from `../node_modules/react-native-macos/third-party-podspecs/RCT-Folly.podspec`)
  - RCTRequired (from `../node_modules/react-native-macos/Libraries/RCTRequired`)
  - RCTTypeSafety (from `../node_modules/react-native-macos/Libraries/TypeSafety`)
  - React (from `../node_modules/react-native-macos/`)
  - React-Core (from `../node_modules/react-native-macos/`)
  - React-Core/DevSupport (from `../node_modules/react-native-macos/`)
  - React-Core/RCTWebSocket (from `../node_modules/react-native-macos/`)
  - React-CoreModules (from `../node_modules/react-native-macos/React/CoreModules`)
  - React-cxxreact (from `../node_modules/react-native-macos/ReactCommon/cxxreact`)
  - React-jsi (from `../node_modules/react-native-macos/ReactCommon/jsi`)
  - React-jsiexecutor (from `../node_modules/react-native-macos/ReactCommon/jsiexecutor`)
  - React-jsinspector (from `../node_modules/react-native-macos/ReactCommon/jsinspector`)
  - React-RCTActionSheet (from `../node_modules/react-native-macos/Libraries/ActionSheetIOS`)
  - React-RCTAnimation (from `../node_modules/react-native-macos/Libraries/NativeAnimation`)
  - React-RCTBlob (from `../node_modules/react-native-macos/Libraries/Blob`)
  - React-RCTImage (from `../node_modules/react-native-macos/Libraries/Image`)
  - React-RCTLinking (from `../node_modules/react-native-macos/Libraries/LinkingIOS`)
  - React-RCTNetwork (from `../node_modules/react-native-macos/Libraries/Network`)
  - React-RCTSettings (from `../node_modules/react-native-macos/Libraries/Settings`)
  - React-RCTText (from `../node_modules/react-native-macos/Libraries/Text`)
  - React-RCTVibration (from `../node_modules/react-native-macos/Libraries/Vibration`)
  - ReactCommon/callinvoker (from `../node_modules/react-native-macos/ReactCommon`)
  - ReactCommon/turbomodule/core (from `../node_modules/react-native-macos/ReactCommon`)
  - "rn-macos-popover (from `../node_modules/@rn-macos/popover`)"
  - "RNCAsyncStorage (from `../node_modules/@react-native-community/async-storage`)"
  - Yoga (from `../node_modules/react-native-macos/ReactCommon/yoga`)

EXTERNAL SOURCES:
  boost-for-react-native:
    :podspec: "../node_modules/react-native-macos/third-party-podspecs/boost-for-react-native.podspec"
  DoubleConversion:
    :podspec: "../node_modules/react-native-macos/third-party-podspecs/DoubleConversion.podspec"
  FBLazyVector:
    :path: "../node_modules/react-native-macos/Libraries/FBLazyVector"
  FBReactNativeSpec:
    :path: "../node_modules/react-native-macos/Libraries/FBReactNativeSpec"
  glog:
    :podspec: "../node_modules/react-native-macos/third-party-podspecs/glog.podspec"
  RCT-Folly:
    :podspec: "../node_modules/react-native-macos/third-party-podspecs/RCT-Folly.podspec"
  RCTRequired:
    :path: "../node_modules/react-native-macos/Libraries/RCTRequired"
  RCTTypeSafety:
    :path: "../node_modules/react-native-macos/Libraries/TypeSafety"
  React:
    :path: "../node_modules/react-native-macos/"
  React-Core:
    :path: "../node_modules/react-native-macos/"
  React-CoreModules:
    :path: "../node_modules/react-native-macos/React/CoreModules"
  React-cxxreact:
    :path: "../node_modules/react-native-macos/ReactCommon/cxxreact"
  React-jsi:
    :path: "../node_modules/react-native-macos/ReactCommon/jsi"
  React-jsiexecutor:
    :path: "../node_modules/react-native-macos/ReactCommon/jsiexecutor"
  React-jsinspector:
    :path: "../node_modules/react-native-macos/ReactCommon/jsinspector"
  React-RCTActionSheet:
    :path: "../node_modules/react-native-macos/Libraries/ActionSheetIOS"
  React-RCTAnimation:
    :path: "../node_modules/react-native-macos/Libraries/NativeAnimation"
  React-RCTBlob:
    :path: "../node_modules/react-native-macos/Libraries/Blob"
  React-RCTImage:
    :path: "../node_modules/react-native-macos/Libraries/Image"
  React-RCTLinking:
    :path: "../node_modules/react-native-macos/Libraries/LinkingIOS"
  React-RCTNetwork:
    :path: "../node_modules/react-native-macos/Libraries/Network"
  React-RCTSettings:
    :path: "../node_modules/react-native-macos/Libraries/Settings"
  React-RCTText:
    :path: "../node_modules/react-native-macos/Libraries/Text"
  React-RCTVibration:
    :path: "../node_modules/react-native-macos/Libraries/Vibration"
  ReactCommon:
    :path: "../node_modules/react-native-macos/ReactCommon"
  rn-macos-popover:
    :path: "../node_modules/@rn-macos/popover"
  RNCAsyncStorage:
    :path: "../node_modules/@react-native-community/async-storage"
  Yoga:
    :path: "../node_modules/react-native-macos/ReactCommon/yoga"

SPEC CHECKSUMS:
  boost-for-react-native: a110407d9db2642fd2e1bcd7c5a51c81f2521dc9
  DoubleConversion: a1bc12a74baa397a2609e0f10e19b8062d864053
  FBLazyVector: c3f4de20059556e4bc7b7aeb55a97da9582e8fe9
  FBReactNativeSpec: 4d0597e247a7355a0c3b19abf42327ec8c5d91d0
  glog: b3f6d74f3e2d33396addc0ee724d2b2b79fc3e00
  RCT-Folly: 73721d08b1a712fffa7afbfb96f1d43453d76075
  RCTRequired: 78564479d7e65195b8440577b8ac435d44e6dc3e
  RCTTypeSafety: c1410a205e5d294b45010b812d174407dfeeb483
  React: 697b61313cad865d657dca0a139a6701b465e391
  React-Core: 96fc9c332077d5983eaa0bcd3cb0c349e8ed6869
  React-CoreModules: fca69fe6960fee1892e457957e1268286f2dda73
  React-cxxreact: 30661b82495751e1d243ecf9198fed54e7398379
  React-jsi: 8ae9627cd24dacdcf8686475d2608257a517a347
  React-jsiexecutor: eff438285b77dd938fb328cd6648c7f89a04f210
  React-jsinspector: 6824c8866923e8f358debcfa49d6f1e79ee121a1
  React-RCTActionSheet: 90ddd538b1271794d870aa0b8fb8877f27dae3ee
  React-RCTAnimation: a2660db791acb02d3dc92ef51d504d3883335797
  React-RCTBlob: 0361643f96244e5f21434957725f0c00c48b2bab
  React-RCTImage: 96161e8ecdc98d7412c63242d3cbbb9f070ae8aa
  React-RCTLinking: 20500c19cb84e1c546eac75edc0c1116258f5b7e
  React-RCTNetwork: af28a722af366f0f8974c41b6f5983469c1982c7
  React-RCTSettings: 36937db33cb0dded52f8dd59d915e0ef303c497e
  React-RCTText: c8b00072ffa7f115952864554839cca4b4a2f9c4
  React-RCTVibration: 154508c9f002c2e536239829a5b5f7357bd7086b
  ReactCommon: af0dde61c603295bb6e2dcbbd97d38022a25b1e0
  rn-macos-popover: 7bfb5570a7c1cc30ed73958e9041828254d54db2
  RNCAsyncStorage: d059c3ee71738c39834a627476322a5a8cd5bf36
  Yoga: 8dc676257ed36ec82f94f01e99d9d1f0244d56c1

PODFILE CHECKSUM: 0c9cc16eb9a2d9183384a542e59a7906d304d996

COCOAPODS: 1.9.1
