PODS:
  - boost-for-react-native (1.63.0)
  - DoubleConversion (1.1.6)
  - FBLazyVector (0.64.12)
  - FBReactNativeSpec (0.64.12):
    - RCT-Folly (= 2020.01.13.00)
    - RCTRequired (= 0.64.12)
    - RCTTypeSafety (= 0.64.12)
    - React-Core (= 0.64.12)
    - React-jsi (= 0.64.12)
    - ReactCommon/turbomodule/core (= 0.64.12)
  - glog (0.3.5)
  - RCT-Folly (2020.01.13.00):
    - boost-for-react-native
    - DoubleConversion
    - glog
    - RCT-Folly/Default (= 2020.01.13.00)
  - RCT-Folly/Default (2020.01.13.00):
    - boost-for-react-native
    - DoubleConversion
    - glog
  - RCTRequired (0.64.12)
  - RCTTypeSafety (0.64.12):
    - FBLazyVector (= 0.64.12)
    - RCT-Folly (= 2020.01.13.00)
    - RCTRequired (= 0.64.12)
    - React-Core (= 0.64.12)
  - React (0.64.12):
    - React-Core (= 0.64.12)
    - React-Core/DevSupport (= 0.64.12)
    - React-Core/RCTWebSocket (= 0.64.12)
    - React-RCTActionSheet (= 0.64.12)
    - React-RCTAnimation (= 0.64.12)
    - React-RCTBlob (= 0.64.12)
    - React-RCTImage (= 0.64.12)
    - React-RCTLinking (= 0.64.12)
    - React-RCTNetwork (= 0.64.12)
    - React-RCTSettings (= 0.64.12)
    - React-RCTText (= 0.64.12)
    - React-RCTVibration (= 0.64.12)
  - React-callinvoker (0.64.12)
  - React-Core (0.64.12):
    - glog
    - RCT-Folly (= 2020.01.13.00)
    - React-Core/Default (= 0.64.12)
    - React-cxxreact (= 0.64.12)
    - React-jsi (= 0.64.12)
    - React-jsiexecutor (= 0.64.12)
    - React-perflogger (= 0.64.12)
    - Yoga
  - React-Core/CoreModulesHeaders (0.64.12):
    - glog
    - RCT-Folly (= 2020.01.13.00)
    - React-Core/Default
    - React-cxxreact (= 0.64.12)
    - React-jsi (= 0.64.12)
    - React-jsiexecutor (= 0.64.12)
    - React-perflogger (= 0.64.12)
    - Yoga
  - React-Core/Default (0.64.12):
    - glog
    - RCT-Folly (= 2020.01.13.00)
    - React-cxxreact (= 0.64.12)
    - React-jsi (= 0.64.12)
    - React-jsiexecutor (= 0.64.12)
    - React-perflogger (= 0.64.12)
    - Yoga
  - React-Core/DevSupport (0.64.12):
    - glog
    - RCT-Folly (= 2020.01.13.00)
    - React-Core/Default (= 0.64.12)
    - React-Core/RCTWebSocket (= 0.64.12)
    - React-cxxreact (= 0.64.12)
    - React-jsi (= 0.64.12)
    - React-jsiexecutor (= 0.64.12)
    - React-jsinspector (= 0.64.12)
    - React-perflogger (= 0.64.12)
    - Yoga
  - React-Core/RCTActionSheetHeaders (0.64.12):
    - glog
    - RCT-Folly (= 2020.01.13.00)
    - React-Core/Default
    - React-cxxreact (= 0.64.12)
    - React-jsi (= 0.64.12)
    - React-jsiexecutor (= 0.64.12)
    - React-perflogger (= 0.64.12)
    - Yoga
  - React-Core/RCTAnimationHeaders (0.64.12):
    - glog
    - RCT-Folly (= 2020.01.13.00)
    - React-Core/Default
    - React-cxxreact (= 0.64.12)
    - React-jsi (= 0.64.12)
    - React-jsiexecutor (= 0.64.12)
    - React-perflogger (= 0.64.12)
    - Yoga
  - React-Core/RCTBlobHeaders (0.64.12):
    - glog
    - RCT-Folly (= 2020.01.13.00)
    - React-Core/Default
    - React-cxxreact (= 0.64.12)
    - React-jsi (= 0.64.12)
    - React-jsiexecutor (= 0.64.12)
    - React-perflogger (= 0.64.12)
    - Yoga
  - React-Core/RCTImageHeaders (0.64.12):
    - glog
    - RCT-Folly (= 2020.01.13.00)
    - React-Core/Default
    - React-cxxreact (= 0.64.12)
    - React-jsi (= 0.64.12)
    - React-jsiexecutor (= 0.64.12)
    - React-perflogger (= 0.64.12)
    - Yoga
  - React-Core/RCTLinkingHeaders (0.64.12):
    - glog
    - RCT-Folly (= 2020.01.13.00)
    - React-Core/Default
    - React-cxxreact (= 0.64.12)
    - React-jsi (= 0.64.12)
    - React-jsiexecutor (= 0.64.12)
    - React-perflogger (= 0.64.12)
    - Yoga
  - React-Core/RCTNetworkHeaders (0.64.12):
    - glog
    - RCT-Folly (= 2020.01.13.00)
    - React-Core/Default
    - React-cxxreact (= 0.64.12)
    - React-jsi (= 0.64.12)
    - React-jsiexecutor (= 0.64.12)
    - React-perflogger (= 0.64.12)
    - Yoga
  - React-Core/RCTSettingsHeaders (0.64.12):
    - glog
    - RCT-Folly (= 2020.01.13.00)
    - React-Core/Default
    - React-cxxreact (= 0.64.12)
    - React-jsi (= 0.64.12)
    - React-jsiexecutor (= 0.64.12)
    - React-perflogger (= 0.64.12)
    - Yoga
  - React-Core/RCTTextHeaders (0.64.12):
    - glog
    - RCT-Folly (= 2020.01.13.00)
    - React-Core/Default
    - React-cxxreact (= 0.64.12)
    - React-jsi (= 0.64.12)
    - React-jsiexecutor (= 0.64.12)
    - React-perflogger (= 0.64.12)
    - Yoga
  - React-Core/RCTVibrationHeaders (0.64.12):
    - glog
    - RCT-Folly (= 2020.01.13.00)
    - React-Core/Default
    - React-cxxreact (= 0.64.12)
    - React-jsi (= 0.64.12)
    - React-jsiexecutor (= 0.64.12)
    - React-perflogger (= 0.64.12)
    - Yoga
  - React-Core/RCTWebSocket (0.64.12):
    - glog
    - RCT-Folly (= 2020.01.13.00)
    - React-Core/Default (= 0.64.12)
    - React-cxxreact (= 0.64.12)
    - React-jsi (= 0.64.12)
    - React-jsiexecutor (= 0.64.12)
    - React-perflogger (= 0.64.12)
    - Yoga
  - React-CoreModules (0.64.12):
    - FBReactNativeSpec (= 0.64.12)
    - RCT-Folly (= 2020.01.13.00)
    - RCTTypeSafety (= 0.64.12)
    - React-Core/CoreModulesHeaders (= 0.64.12)
    - React-jsi (= 0.64.12)
    - React-RCTImage (= 0.64.12)
    - ReactCommon/turbomodule/core (= 0.64.12)
  - React-cxxreact (0.64.12):
    - boost-for-react-native (= 1.63.0)
    - DoubleConversion
    - glog
    - RCT-Folly (= 2020.01.13.00)
    - React-callinvoker (= 0.64.12)
    - React-jsi (= 0.64.12)
    - React-jsinspector (= 0.64.12)
    - React-perflogger (= 0.64.12)
    - React-runtimeexecutor (= 0.64.12)
  - React-jsi (0.64.12):
    - boost-for-react-native (= 1.63.0)
    - DoubleConversion
    - glog
    - RCT-Folly (= 2020.01.13.00)
    - React-jsi/Default (= 0.64.12)
  - React-jsi/Default (0.64.12):
    - boost-for-react-native (= 1.63.0)
    - DoubleConversion
    - glog
    - RCT-Folly (= 2020.01.13.00)
  - React-jsiexecutor (0.64.12):
    - DoubleConversion
    - glog
    - RCT-Folly (= 2020.01.13.00)
    - React-cxxreact (= 0.64.12)
    - React-jsi (= 0.64.12)
    - React-perflogger (= 0.64.12)
  - React-jsinspector (0.64.12)
  - React-perflogger (0.64.12)
  - React-RCTActionSheet (0.64.12):
    - React-Core/RCTActionSheetHeaders (= 0.64.12)
  - React-RCTAnimation (0.64.12):
    - FBReactNativeSpec (= 0.64.12)
    - RCT-Folly (= 2020.01.13.00)
    - RCTTypeSafety (= 0.64.12)
    - React-Core/RCTAnimationHeaders (= 0.64.12)
    - React-jsi (= 0.64.12)
    - ReactCommon/turbomodule/core (= 0.64.12)
  - React-RCTBlob (0.64.12):
    - FBReactNativeSpec (= 0.64.12)
    - RCT-Folly (= 2020.01.13.00)
    - React-Core/RCTBlobHeaders (= 0.64.12)
    - React-Core/RCTWebSocket (= 0.64.12)
    - React-jsi (= 0.64.12)
    - React-RCTNetwork (= 0.64.12)
    - ReactCommon/turbomodule/core (= 0.64.12)
  - React-RCTImage (0.64.12):
    - FBReactNativeSpec (= 0.64.12)
    - RCT-Folly (= 2020.01.13.00)
    - RCTTypeSafety (= 0.64.12)
    - React-Core/RCTImageHeaders (= 0.64.12)
    - React-jsi (= 0.64.12)
    - React-RCTNetwork (= 0.64.12)
    - ReactCommon/turbomodule/core (= 0.64.12)
  - React-RCTLinking (0.64.12):
    - FBReactNativeSpec (= 0.64.12)
    - React-Core/RCTLinkingHeaders (= 0.64.12)
    - React-jsi (= 0.64.12)
    - ReactCommon/turbomodule/core (= 0.64.12)
  - React-RCTNetwork (0.64.12):
    - FBReactNativeSpec (= 0.64.12)
    - RCT-Folly (= 2020.01.13.00)
    - RCTTypeSafety (= 0.64.12)
    - React-Core/RCTNetworkHeaders (= 0.64.12)
    - React-jsi (= 0.64.12)
    - ReactCommon/turbomodule/core (= 0.64.12)
  - React-RCTSettings (0.64.12):
    - FBReactNativeSpec (= 0.64.12)
    - RCT-Folly (= 2020.01.13.00)
    - RCTTypeSafety (= 0.64.12)
    - React-Core/RCTSettingsHeaders (= 0.64.12)
    - React-jsi (= 0.64.12)
    - ReactCommon/turbomodule/core (= 0.64.12)
  - React-RCTText (0.64.12):
    - React-Core/RCTTextHeaders (= 0.64.12)
  - React-RCTVibration (0.64.12):
    - FBReactNativeSpec (= 0.64.12)
    - RCT-Folly (= 2020.01.13.00)
    - React-Core/RCTVibrationHeaders (= 0.64.12)
    - React-jsi (= 0.64.12)
    - ReactCommon/turbomodule/core (= 0.64.12)
  - React-runtimeexecutor (0.64.12):
    - React-jsi (= 0.64.12)
  - ReactCommon/turbomodule/core (0.64.12):
    - DoubleConversion
    - glog
    - RCT-Folly (= 2020.01.13.00)
    - React-callinvoker (= 0.64.12)
    - React-Core (= 0.64.12)
    - React-cxxreact (= 0.64.12)
    - React-jsi (= 0.64.12)
    - React-perflogger (= 0.64.12)
  - rn-macos-popover (0.0.6):
    - React
  - RNCAsyncStorage (1.15.11):
    - React-Core
  - Yoga (1.14.0)

DEPENDENCIES:
  - boost-for-react-native (from `../node_modules/react-native-macos/third-party-podspecs/boost-for-react-native.podspec`)
  - DoubleConversion (from `../node_modules/react-native-macos/third-party-podspecs/DoubleConversion.podspec`)
  - FBLazyVector (from `../node_modules/react-native-macos/Libraries/FBLazyVector`)
  - FBReactNativeSpec (from `../node_modules/react-native-macos/React/FBReactNativeSpec`)
  - glog (from `../node_modules/react-native-macos/third-party-podspecs/glog.podspec`)
  - RCT-Folly (from `../node_modules/react-native-macos/third-party-podspecs/RCT-Folly.podspec`)
  - RCTRequired (from `../node_modules/react-native-macos/Libraries/RCTRequired`)
  - RCTTypeSafety (from `../node_modules/react-native-macos/Libraries/TypeSafety`)
  - React (from `../node_modules/react-native-macos/`)
  - React-callinvoker (from `../node_modules/react-native-macos/ReactCommon/callinvoker`)
  - React-Core (from `../node_modules/react-native-macos/`)
  - React-Core/DevSupport (from `../node_modules/react-native-macos/`)
  - React-Core/RCTWebSocket (from `../node_modules/react-native-macos/`)
  - React-CoreModules (from `../node_modules/react-native-macos/React/CoreModules`)
  - React-cxxreact (from `../node_modules/react-native-macos/ReactCommon/cxxreact`)
  - React-jsi (from `../node_modules/react-native-macos/ReactCommon/jsi`)
  - React-jsiexecutor (from `../node_modules/react-native-macos/ReactCommon/jsiexecutor`)
  - React-jsinspector (from `../node_modules/react-native-macos/ReactCommon/jsinspector`)
  - React-perflogger (from `../node_modules/react-native-macos/ReactCommon/reactperflogger`)
  - React-RCTActionSheet (from `../node_modules/react-native-macos/Libraries/ActionSheetIOS`)
  - React-RCTAnimation (from `../node_modules/react-native-macos/Libraries/NativeAnimation`)
  - React-RCTBlob (from `../node_modules/react-native-macos/Libraries/Blob`)
  - React-RCTImage (from `../node_modules/react-native-macos/Libraries/Image`)
  - React-RCTLinking (from `../node_modules/react-native-macos/Libraries/LinkingIOS`)
  - React-RCTNetwork (from `../node_modules/react-native-macos/Libraries/Network`)
  - React-RCTSettings (from `../node_modules/react-native-macos/Libraries/Settings`)
  - React-RCTText (from `../node_modules/react-native-macos/Libraries/Text`)
  - React-RCTVibration (from `../node_modules/react-native-macos/Libraries/Vibration`)
  - React-runtimeexecutor (from `../node_modules/react-native-macos/ReactCommon/runtimeexecutor`)
  - ReactCommon/turbomodule/core (from `../node_modules/react-native-macos/ReactCommon`)
  - "rn-macos-popover (from `../node_modules/@rn-macos/popover`)"
  - "RNCAsyncStorage (from `../node_modules/@react-native-async-storage/async-storage`)"
  - Yoga (from `../node_modules/react-native-macos/ReactCommon/yoga`)

EXTERNAL SOURCES:
  boost-for-react-native:
    :podspec: "../node_modules/react-native-macos/third-party-podspecs/boost-for-react-native.podspec"
  DoubleConversion:
    :podspec: "../node_modules/react-native-macos/third-party-podspecs/DoubleConversion.podspec"
  FBLazyVector:
    :path: "../node_modules/react-native-macos/Libraries/FBLazyVector"
  FBReactNativeSpec:
    :path: "../node_modules/react-native-macos/React/FBReactNativeSpec"
  glog:
    :podspec: "../node_modules/react-native-macos/third-party-podspecs/glog.podspec"
  RCT-Folly:
    :podspec: "../node_modules/react-native-macos/third-party-podspecs/RCT-Folly.podspec"
  RCTRequired:
    :path: "../node_modules/react-native-macos/Libraries/RCTRequired"
  RCTTypeSafety:
    :path: "../node_modules/react-native-macos/Libraries/TypeSafety"
  React:
    :path: "../node_modules/react-native-macos/"
  React-callinvoker:
    :path: "../node_modules/react-native-macos/ReactCommon/callinvoker"
  React-Core:
    :path: "../node_modules/react-native-macos/"
  React-CoreModules:
    :path: "../node_modules/react-native-macos/React/CoreModules"
  React-cxxreact:
    :path: "../node_modules/react-native-macos/ReactCommon/cxxreact"
  React-jsi:
    :path: "../node_modules/react-native-macos/ReactCommon/jsi"
  React-jsiexecutor:
    :path: "../node_modules/react-native-macos/ReactCommon/jsiexecutor"
  React-jsinspector:
    :path: "../node_modules/react-native-macos/ReactCommon/jsinspector"
  React-perflogger:
    :path: "../node_modules/react-native-macos/ReactCommon/reactperflogger"
  React-RCTActionSheet:
    :path: "../node_modules/react-native-macos/Libraries/ActionSheetIOS"
  React-RCTAnimation:
    :path: "../node_modules/react-native-macos/Libraries/NativeAnimation"
  React-RCTBlob:
    :path: "../node_modules/react-native-macos/Libraries/Blob"
  React-RCTImage:
    :path: "../node_modules/react-native-macos/Libraries/Image"
  React-RCTLinking:
    :path: "../node_modules/react-native-macos/Libraries/LinkingIOS"
  React-RCTNetwork:
    :path: "../node_modules/react-native-macos/Libraries/Network"
  React-RCTSettings:
    :path: "../node_modules/react-native-macos/Libraries/Settings"
  React-RCTText:
    :path: "../node_modules/react-native-macos/Libraries/Text"
  React-RCTVibration:
    :path: "../node_modules/react-native-macos/Libraries/Vibration"
  React-runtimeexecutor:
    :path: "../node_modules/react-native-macos/ReactCommon/runtimeexecutor"
  ReactCommon:
    :path: "../node_modules/react-native-macos/ReactCommon"
  rn-macos-popover:
    :path: "../node_modules/@rn-macos/popover"
  RNCAsyncStorage:
    :path: "../node_modules/@react-native-async-storage/async-storage"
  Yoga:
    :path: "../node_modules/react-native-macos/ReactCommon/yoga"

SPEC CHECKSUMS:
  boost-for-react-native: dabda8622e76020607c2ae1e65cc0cda8b61479d
  DoubleConversion: 56a44bcfd14ab2ff66f5a146b2e875eb4b69b19b
  FBLazyVector: 8465e1d5ef74befc1baaf6fdd64c4d66ff3cdde8
  FBReactNativeSpec: d7bd6f07492551f68d8ec697dbf7562e2e2c77ed
  glog: 1cb7c408c781ae8f35bbababe459b45e3dee4ec1
  RCT-Folly: 1347093ffe75e152d846f7e45a3ef901b60021aa
  RCTRequired: f6460f1d35a24f2b99db348da01265502419d49a
  RCTTypeSafety: 6540092fb638c2b826ad83760c62d933362fab9c
  React: efd5f7bdb4e50e0dea9448332d4e46c19378eccb
  React-callinvoker: bf69a94698d5cba7c7dd4031f6488a86b66cd1c3
  React-Core: 1792698ee773136e25d171669f8669947f0a14ab
  React-CoreModules: 7fac55624b137e6103e01eb99f77080ab50bf59e
  React-cxxreact: 4db3c541f2e6d3c04c9d746977bac132f005b2f7
  React-jsi: 8b6bcd1cbcc05dfbe578531a2677646a02aa4491
  React-jsiexecutor: fd1910ce58e0d0715244127575944f6018385a26
  React-jsinspector: b66156440771aa4b209eebfcf31b01fdad3f5844
  React-perflogger: c5a83d2a3e54a016dca9bb7a1bb13f7a55e8d32b
  React-RCTActionSheet: 6a2feb13893a7d4d775156bdfa10195154c97748
  React-RCTAnimation: 082721a6c0b074ff19b50e81f6bde9da4fa7c2dc
  React-RCTBlob: 783737914526f5011514b7eb7cfe2f99fdd5c677
  React-RCTImage: 4457f58128f9fcb13e966a3c606ef55fabf53bef
  React-RCTLinking: 27d5dd541b453eb35a53b19f604a094da5c333ba
  React-RCTNetwork: fbd36fbb7e12dd216d770f2a19abfa9f2a29c952
  React-RCTSettings: daa910eae84b36e52cebaab9154ae300ccffda47
  React-RCTText: 3a3894354b8eabeb6cf910e7a53969b89ea95f53
  React-RCTVibration: 642f3465474abc1aafe80ac0a23ea534a17124d3
  React-runtimeexecutor: 0db1052deb146866cb145aac4cc903f06996d15e
  ReactCommon: c44eb6dacf40e1c1f04c910bcaeec824950fedd1
  rn-macos-popover: 7bfb5570a7c1cc30ed73958e9041828254d54db2
  RNCAsyncStorage: eb05c0284dd6b50b32f92fad55e2a41e03358c43
  Yoga: cd853fb2252637b2a03a1e8f968fa233c2703f44

PODFILE CHECKSUM: 16573ac7c79ee035f6930ed3ade465d3a4add0cc

COCOAPODS: 1.11.2
